
Microsoft Visual Studio Solution File, Format Version 12.00
# Visual Studio 15
VisualStudioVersion = 15.0.26430.14
MinimumVisualStudioVersion = 10.0.40219.1
Project("{FAE04EC0-301F-11D3-BF4B-00C04F79EFBC}") = "MyMvc", "MyMvc\MyMvc.csproj", "{E17E1BB3-411F-40C0-8AF1-B1BD070CF21E}"
EndProject
Project("{FAE04EC0-301F-11D3-BF4B-00C04F79EFBC}") = "MyMvc.测试", "MyMvc.测试\MyMvc.测试.csproj", "{D1F100E5-F67E-48BB-BB0C-6EAC77E04B0C}"
EndProject
Global
	GlobalSection(SolutionConfigurationPlatforms) = preSolution
		Debug|Any CPU = Debug|Any CPU
		Release|Any CPU = Release|Any CPU
	EndGlobalSection
	GlobalSection(ProjectConfigurationPlatforms) = postSolution
		{E17E1BB3-411F-40C0-8AF1-B1BD070CF21E}.Debug|Any CPU.ActiveCfg = Debug|Any CPU
		{E17E1BB3-411F-40C0-8AF1-B1BD070CF21E}.Debug|Any CPU.Build.0 = Debug|Any CPU
		{E17E1BB3-411F-40C0-8AF1-B1BD070CF21E}.Release|Any CPU.ActiveCfg = Release|Any CPU
		{E17E1BB3-411F-40C0-8AF1-B1BD070CF21E}.Release|Any CPU.Build.0 = Release|Any CPU
		{D1F100E5-F67E-48BB-BB0C-6EAC77E04B0C}.Debug|Any CPU.ActiveCfg = Debug|Any CPU
		{D1F100E5-F67E-48BB-BB0C-6EAC77E04B0C}.Debug|Any CPU.Build.0 = Debug|Any CPU
		{D1F100E5-F67E-48BB-BB0C-6EAC77E04B0C}.Release|Any CPU.ActiveCfg = Release|Any CPU
		{D1F100E5-F67E-48BB-BB0C-6EAC77E04B0C}.Release|Any CPU.Build.0 = Release|Any CPU
	EndGlobalSection
	GlobalSection(SolutionProperties) = preSolution
		HideSolutionNode = FALSE
	EndGlobalSection
EndGlobal
